
Microsoft Visual Studio Solution File, Format Version 12.00
# Visual Studio Version 16
VisualStudioVersion = 16.0.28922.388
MinimumVisualStudioVersion = 10.0.40219.1
Project("{FAE04EC0-301F-11D3-BF4B-00C04F79EFBC}") = "Aaru.Server.Old", "Aaru.Server.Old\Aaru.Server.Old.csproj", "{911ADDF5-E5FA-445D-88CD-C7F8FFDBE645}"
EndProject
Project("{FAE04EC0-301F-11D3-BF4B-00C04F79EFBC}") = "Aaru.Server.Task", "Aaru.Server.Task\Aaru.Server.Task.csproj", "{79D6A54E-47B6-4D0A-ABEB-4FA7B5ADF4B2}"
EndProject
Project("{2150E333-8FDC-42A3-9474-1A3956D46DE8}") = "Solution files", "Solution files", "{CF9EB732-03B9-4B3B-B96B-E0E685063700}"
	ProjectSection(SolutionItems) = preProject
		.editorconfig = .editorconfig
		.gitignore = .gitignore
		.gitmodules = .gitmodules
		codealike.json = codealike.json
		LICENSE = LICENSE
		LICENSE.LGPL = LICENSE.LGPL
		LICENSE.MIT = LICENSE.MIT
	EndProjectSection
EndProject
Project("{FAE04EC0-301F-11D3-BF4B-00C04F79EFBC}") = "Aaru.Server.Api", "Aaru.Server.Api\Aaru.Server.Api.csproj", "{D26BB31E-B6A2-4413-B66B-E68AC425BA7D}"
EndProject
Project("{FAE04EC0-301F-11D3-BF4B-00C04F79EFBC}") = "Aaru.Server.New", "Aaru.Server.New\Aaru.Server.New.csproj", "{032D24BA-EC3B-4BD1-ADD6-9463E2DC5D7E}"
EndProject
Project("{FAE04EC0-301F-11D3-BF4B-00C04F79EFBC}") = "Aaru.Server.Database", "Aaru.Server.Database\Aaru.Server.Database.csproj", "{FA830C89-B3C4-4139-B756-B6C0F35C0BB4}"
EndProject
Global
	GlobalSection(SolutionConfigurationPlatforms) = preSolution
		Debug|Any CPU = Debug|Any CPU
		Release|Any CPU = Release|Any CPU
	EndGlobalSection
	GlobalSection(ProjectConfigurationPlatforms) = postSolution
		{911ADDF5-E5FA-445D-88CD-C7F8FFDBE645}.Debug|Any CPU.ActiveCfg = Debug|Any CPU
		{911ADDF5-E5FA-445D-88CD-C7F8FFDBE645}.Debug|Any CPU.Build.0 = Debug|Any CPU
		{911ADDF5-E5FA-445D-88CD-C7F8FFDBE645}.Release|Any CPU.ActiveCfg = Release|Any CPU
		{911ADDF5-E5FA-445D-88CD-C7F8FFDBE645}.Release|Any CPU.Build.0 = Release|Any CPU
		{79D6A54E-47B6-4D0A-ABEB-4FA7B5ADF4B2}.Debug|Any CPU.ActiveCfg = Debug|Any CPU
		{79D6A54E-47B6-4D0A-ABEB-4FA7B5ADF4B2}.Debug|Any CPU.Build.0 = Debug|Any CPU
		{79D6A54E-47B6-4D0A-ABEB-4FA7B5ADF4B2}.Release|Any CPU.ActiveCfg = Release|Any CPU
		{79D6A54E-47B6-4D0A-ABEB-4FA7B5ADF4B2}.Release|Any CPU.Build.0 = Release|Any CPU
		{D26BB31E-B6A2-4413-B66B-E68AC425BA7D}.Debug|Any CPU.ActiveCfg = Debug|Any CPU
		{D26BB31E-B6A2-4413-B66B-E68AC425BA7D}.Debug|Any CPU.Build.0 = Debug|Any CPU
		{D26BB31E-B6A2-4413-B66B-E68AC425BA7D}.Release|Any CPU.ActiveCfg = Release|Any CPU
		{D26BB31E-B6A2-4413-B66B-E68AC425BA7D}.Release|Any CPU.Build.0 = Release|Any CPU
		{032D24BA-EC3B-4BD1-ADD6-9463E2DC5D7E}.Debug|Any CPU.ActiveCfg = Debug|Any CPU
		{032D24BA-EC3B-4BD1-ADD6-9463E2DC5D7E}.Debug|Any CPU.Build.0 = Debug|Any CPU
		{032D24BA-EC3B-4BD1-ADD6-9463E2DC5D7E}.Release|Any CPU.ActiveCfg = Release|Any CPU
		{032D24BA-EC3B-4BD1-ADD6-9463E2DC5D7E}.Release|Any CPU.Build.0 = Release|Any CPU
		{FA830C89-B3C4-4139-B756-B6C0F35C0BB4}.Debug|Any CPU.ActiveCfg = Debug|Any CPU
		{FA830C89-B3C4-4139-B756-B6C0F35C0BB4}.Debug|Any CPU.Build.0 = Debug|Any CPU
		{FA830C89-B3C4-4139-B756-B6C0F35C0BB4}.Release|Any CPU.ActiveCfg = Release|Any CPU
		{FA830C89-B3C4-4139-B756-B6C0F35C0BB4}.Release|Any CPU.Build.0 = Release|Any CPU
	EndGlobalSection
	GlobalSection(SolutionProperties) = preSolution
		HideSolutionNode = FALSE
	EndGlobalSection
	GlobalSection(ExtensibilityGlobals) = postSolution
		SolutionGuid = {8A988A8F-0588-4935-AAB6-64E34A68CE30}
	EndGlobalSection
EndGlobal
