
Microsoft Visual Studio Solution File, Format Version 12.00
# Visual Studio Version 16
VisualStudioVersion = 16.0.28922.388
MinimumVisualStudioVersion = 10.0.40219.1
Project("{FAE04EC0-301F-11D3-BF4B-00C04F79EFBC}") = "Aaru.Server", "Aaru.Server\Aaru.Server.csproj", "{911ADDF5-E5FA-445D-88CD-C7F8FFDBE645}"
EndProject
Project("{FAE04EC0-301F-11D3-BF4B-00C04F79EFBC}") = "Aaru.Server.Task", "Aaru.Server.Task\Aaru.Server.Task.csproj", "{79D6A54E-47B6-4D0A-ABEB-4FA7B5ADF4B2}"
EndProject
Project("{2150E333-8FDC-42A3-9474-1A3956D46DE8}") = "Solution files", "Solution files", "{CF9EB732-03B9-4B3B-B96B-E0E685063700}"
	ProjectSection(SolutionItems) = preProject
		.editorconfig = .editorconfig
		.gitignore = .gitignore
		.gitmodules = .gitmodules
		codealike.json = codealike.json
		LICENSE = LICENSE
		LICENSE.LGPL = LICENSE.LGPL
		LICENSE.MIT = LICENSE.MIT
	EndProjectSection
EndProject
Global
	GlobalSection(SolutionConfigurationPlatforms) = preSolution
		Debug|Any CPU = Debug|Any CPU
		Release|Any CPU = Release|Any CPU
	EndGlobalSection
	GlobalSection(ProjectConfigurationPlatforms) = postSolution
		{911ADDF5-E5FA-445D-88CD-C7F8FFDBE645}.Debug|Any CPU.ActiveCfg = Debug|Any CPU
		{911ADDF5-E5FA-445D-88CD-C7F8FFDBE645}.Debug|Any CPU.Build.0 = Debug|Any CPU
		{911ADDF5-E5FA-445D-88CD-C7F8FFDBE645}.Release|Any CPU.ActiveCfg = Release|Any CPU
		{911ADDF5-E5FA-445D-88CD-C7F8FFDBE645}.Release|Any CPU.Build.0 = Release|Any CPU
		{79D6A54E-47B6-4D0A-ABEB-4FA7B5ADF4B2}.Debug|Any CPU.ActiveCfg = Debug|Any CPU
		{79D6A54E-47B6-4D0A-ABEB-4FA7B5ADF4B2}.Debug|Any CPU.Build.0 = Debug|Any CPU
		{79D6A54E-47B6-4D0A-ABEB-4FA7B5ADF4B2}.Release|Any CPU.ActiveCfg = Release|Any CPU
		{79D6A54E-47B6-4D0A-ABEB-4FA7B5ADF4B2}.Release|Any CPU.Build.0 = Release|Any CPU
	EndGlobalSection
	GlobalSection(SolutionProperties) = preSolution
		HideSolutionNode = FALSE
	EndGlobalSection
	GlobalSection(ExtensibilityGlobals) = postSolution
		SolutionGuid = {8A988A8F-0588-4935-AAB6-64E34A68CE30}
	EndGlobalSection
EndGlobal
